// !$*UTF8*$!
{
	archiveVersion = 1;
	classes = {
	};
	objectVersion = 46;
	objects = {

/* Begin PBXBuildFile section */
		554951241A70808C000C6096 /* AppDelegate.swift in Sources */ = {isa = PBXBuildFile; fileRef = 554951231A70808C000C6096 /* AppDelegate.swift */; };
		554951261A70808C000C6096 /* ModalViewController.swift in Sources */ = {isa = PBXBuildFile; fileRef = 554951251A70808C000C6096 /* ModalViewController.swift */; };
		554951291A70808C000C6096 /* Main.storyboard in Resources */ = {isa = PBXBuildFile; fileRef = 554951271A70808C000C6096 /* Main.storyboard */; };
		5549512B1A70808C000C6096 /* Images.xcassets in Resources */ = {isa = PBXBuildFile; fileRef = 5549512A1A70808C000C6096 /* Images.xcassets */; };
		5549512E1A70808C000C6096 /* LaunchScreen.xib in Resources */ = {isa = PBXBuildFile; fileRef = 5549512C1A70808C000C6096 /* LaunchScreen.xib */; };
		5549513A1A70808C000C6096 /* TodoTests.swift in Sources */ = {isa = PBXBuildFile; fileRef = 554951391A70808C000C6096 /* TodoTests.swift */; };
		554951441A708204000C6096 /* MainTableViewController.swift in Sources */ = {isa = PBXBuildFile; fileRef = 554951431A708204000C6096 /* MainTableViewController.swift */; };
/* End PBXBuildFile section */

/* Begin PBXContainerItemProxy section */
		554951341A70808C000C6096 /* PBXContainerItemProxy */ = {
			isa = PBXContainerItemProxy;
			containerPortal = 554951161A70808C000C6096 /* Project object */;
			proxyType = 1;
			remoteGlobalIDString = 5549511D1A70808C000C6096;
			remoteInfo = Todo;
		};
/* End PBXContainerItemProxy section */

/* Begin PBXFileReference section */
		5549511E1A70808C000C6096 /* Todo.app */ = {isa = PBXFileReference; explicitFileType = wrapper.application; includeInIndex = 0; path = Todo.app; sourceTree = BUILT_PRODUCTS_DIR; };
		554951221A70808C000C6096 /* Info.plist */ = {isa = PBXFileReference; lastKnownFileType = text.plist.xml; path = Info.plist; sourceTree = "<group>"; };
		554951231A70808C000C6096 /* AppDelegate.swift */ = {isa = PBXFileReference; lastKnownFileType = sourcecode.swift; path = AppDelegate.swift; sourceTree = "<group>"; };
		554951251A70808C000C6096 /* ModalViewController.swift */ = {isa = PBXFileReference; lastKnownFileType = sourcecode.swift; path = ModalViewController.swift; sourceTree = "<group>"; };
		554951281A70808C000C6096 /* Base */ = {isa = PBXFileReference; lastKnownFileType = file.storyboard; name = Base; path = Base.lproj/Main.storyboard; sourceTree = "<group>"; };
		5549512A1A70808C000C6096 /* Images.xcassets */ = {isa = PBXFileReference; lastKnownFileType = folder.assetcatalog; path = Images.xcassets; sourceTree = "<group>"; };
		5549512D1A70808C000C6096 /* Base */ = {isa = PBXFileReference; lastKnownFileType = file.xib; name = Base; path = Base.lproj/LaunchScreen.xib; sourceTree = "<group>"; };
		554951331A70808C000C6096 /* TodoTests.xctest */ = {isa = PBXFileReference; explicitFileType = wrapper.cfbundle; includeInIndex = 0; path = TodoTests.xctest; sourceTree = BUILT_PRODUCTS_DIR; };
		554951381A70808C000C6096 /* Info.plist */ = {isa = PBXFileReference; lastKnownFileType = text.plist.xml; path = Info.plist; sourceTree = "<group>"; };
		554951391A70808C000C6096 /* TodoTests.swift */ = {isa = PBXFileReference; lastKnownFileType = sourcecode.swift; path = TodoTests.swift; sourceTree = "<group>"; };
		554951431A708204000C6096 /* MainTableViewController.swift */ = {isa = PBXFileReference; fileEncoding = 4; lastKnownFileType = sourcecode.swift; path = MainTableViewController.swift; sourceTree = "<group>"; };
/* End PBXFileReference section */

/* Begin PBXFrameworksBuildPhase section */
		5549511B1A70808C000C6096 /* Frameworks */ = {
			isa = PBXFrameworksBuildPhase;
			buildActionMask = 2147483647;
			files = (
			);
			runOnlyForDeploymentPostprocessing = 0;
		};
		554951301A70808C000C6096 /* Frameworks */ = {
			isa = PBXFrameworksBuildPhase;
			buildActionMask = 2147483647;
			files = (
			);
			runOnlyForDeploymentPostprocessing = 0;
		};
/* End PBXFrameworksBuildPhase section */

/* Begin PBXGroup section */
		554951151A70808C000C6096 = {
			isa = PBXGroup;
			children = (
				554951201A70808C000C6096 /* Todo */,
				554951361A70808C000C6096 /* TodoTests */,
				5549511F1A70808C000C6096 /* Products */,
			);
			sourceTree = "<group>";
		};
		5549511F1A70808C000C6096 /* Products */ = {
			isa = PBXGroup;
			children = (
				5549511E1A70808C000C6096 /* Todo.app */,
				554951331A70808C000C6096 /* TodoTests.xctest */,
			);
			name = Products;
			sourceTree = "<group>";
		};
		554951201A70808C000C6096 /* Todo */ = {
			isa = PBXGroup;
			children = (
				554951231A70808C000C6096 /* AppDelegate.swift */,
				554951251A70808C000C6096 /* ModalViewController.swift */,
				554951431A708204000C6096 /* MainTableViewController.swift */,
				554951271A70808C000C6096 /* Main.storyboard */,
				5549512A1A70808C000C6096 /* Images.xcassets */,
				5549512C1A70808C000C6096 /* LaunchScreen.xib */,
				554951211A70808C000C6096 /* Supporting Files */,
			);
			path = Todo;
			sourceTree = "<group>";
		};
		554951211A70808C000C6096 /* Supporting Files */ = {
			isa = PBXGroup;
			children = (
				554951221A70808C000C6096 /* Info.plist */,
			);
			name = "Supporting Files";
			sourceTree = "<group>";
		};
		554951361A70808C000C6096 /* TodoTests */ = {
			isa = PBXGroup;
			children = (
				554951391A70808C000C6096 /* TodoTests.swift */,
				554951371A70808C000C6096 /* Supporting Files */,
			);
			path = TodoTests;
			sourceTree = "<group>";
		};
		554951371A70808C000C6096 /* Supporting Files */ = {
			isa = PBXGroup;
			children = (
				554951381A70808C000C6096 /* Info.plist */,
			);
			name = "Supporting Files";
			sourceTree = "<group>";
		};
/* End PBXGroup section */

/* Begin PBXNativeTarget section */
		5549511D1A70808C000C6096 /* Todo */ = {
			isa = PBXNativeTarget;
			buildConfigurationList = 5549513D1A70808C000C6096 /* Build configuration list for PBXNativeTarget "Todo" */;
			buildPhases = (
				5549511A1A70808C000C6096 /* Sources */,
				5549511B1A70808C000C6096 /* Frameworks */,
				5549511C1A70808C000C6096 /* Resources */,
			);
			buildRules = (
			);
			dependencies = (
			);
			name = Todo;
			productName = Todo;
			productReference = 5549511E1A70808C000C6096 /* Todo.app */;
			productType = "com.apple.product-type.application";
		};
		554951321A70808C000C6096 /* TodoTests */ = {
			isa = PBXNativeTarget;
			buildConfigurationList = 554951401A70808C000C6096 /* Build configuration list for PBXNativeTarget "TodoTests" */;
			buildPhases = (
				5549512F1A70808C000C6096 /* Sources */,
				554951301A70808C000C6096 /* Frameworks */,
				554951311A70808C000C6096 /* Resources */,
			);
			buildRules = (
			);
			dependencies = (
				554951351A70808C000C6096 /* PBXTargetDependency */,
			);
			name = TodoTests;
			productName = TodoTests;
			productReference = 554951331A70808C000C6096 /* TodoTests.xctest */;
			productType = "com.apple.product-type.bundle.unit-test";
		};
/* End PBXNativeTarget section */

/* Begin PBXProject section */
		554951161A70808C000C6096 /* Project object */ = {
			isa = PBXProject;
			attributes = {
				LastUpgradeCheck = 0610;
				ORGANIZATIONNAME = "Cody Schneider";
				TargetAttributes = {
					5549511D1A70808C000C6096 = {
						CreatedOnToolsVersion = 6.1.1;
					};
					554951321A70808C000C6096 = {
						CreatedOnToolsVersion = 6.1.1;
						TestTargetID = 5549511D1A70808C000C6096;
					};
				};
			};
			buildConfigurationList = 554951191A70808C000C6096 /* Build configuration list for PBXProject "Todo" */;
			compatibilityVersion = "Xcode 3.2";
			developmentRegion = English;
			hasScannedForEncodings = 0;
			knownRegions = (
				en,
				Base,
			);
			mainGroup = 554951151A70808C000C6096;
			productRefGroup = 5549511F1A70808C000C6096 /* Products */;
			projectDirPath = "";
			projectRoot = "";
			targets = (
				5549511D1A70808C000C6096 /* Todo */,
				554951321A70808C000C6096 /* TodoTests */,
			);
		};
/* End PBXProject section */

/* Begin PBXResourcesBuildPhase section */
		5549511C1A70808C000C6096 /* Resources */ = {
			isa = PBXResourcesBuildPhase;
			buildActionMask = 2147483647;
			files = (
				554951291A70808C000C6096 /* Main.storyboard in Resources */,
				5549512E1A70808C000C6096 /* LaunchScreen.xib in Resources */,
				5549512B1A70808C000C6096 /* Images.xcassets in Resources */,
			);
			runOnlyForDeploymentPostprocessing = 0;
		};
		554951311A70808C000C6096 /* Resources */ = {
			isa = PBXResourcesBuildPhase;
			buildActionMask = 2147483647;
			files = (
			);
			runOnlyForDeploymentPostprocessing = 0;
		};
/* End PBXResourcesBuildPhase section */

/* Begin PBXSourcesBuildPhase section */
		5549511A1A70808C000C6096 /* Sources */ = {
			isa = PBXSourcesBuildPhase;
			buildActionMask = 2147483647;
			files = (
				554951261A70808C000C6096 /* ModalViewController.swift in Sources */,
				554951441A708204000C6096 /* MainTableViewController.swift in Sources */,
				554951241A70808C000C6096 /* AppDelegate.swift in Sources */,
			);
			runOnlyForDeploymentPostprocessing = 0;
		};
		5549512F1A70808C000C6096 /* Sources */ = {
			isa = PBXSourcesBuildPhase;
			buildActionMask = 2147483647;
			files = (
				5549513A1A70808C000C6096 /* TodoTests.swift in Sources */,
			);
			runOnlyForDeploymentPostprocessing = 0;
		};
/* End PBXSourcesBuildPhase section */

/* Begin PBXTargetDependency section */
		554951351A70808C000C6096 /* PBXTargetDependency */ = {
			isa = PBXTargetDependency;
			target = 5549511D1A70808C000C6096 /* Todo */;
			targetProxy = 554951341A70808C000C6096 /* PBXContainerItemProxy */;
		};
/* End PBXTargetDependency section */

/* Begin PBXVariantGroup section */
		554951271A70808C000C6096 /* Main.storyboard */ = {
			isa = PBXVariantGroup;
			children = (
				554951281A70808C000C6096 /* Base */,
			);
			name = Main.storyboard;
			sourceTree = "<group>";
		};
		5549512C1A70808C000C6096 /* LaunchScreen.xib */ = {
			isa = PBXVariantGroup;
			children = (
				5549512D1A70808C000C6096 /* Base */,
			);
			name = LaunchScreen.xib;
			sourceTree = "<group>";
		};
/* End PBXVariantGroup section */

/* Begin XCBuildConfiguration section */
		5549513B1A70808C000C6096 /* Debug */ = {
			isa = XCBuildConfiguration;
			buildSettings = {
				ALWAYS_SEARCH_USER_PATHS = NO;
				CLANG_CXX_LANGUAGE_STANDARD = "gnu++0x";
				CLANG_CXX_LIBRARY = "libc++";
				CLANG_ENABLE_MODULES = YES;
				CLANG_ENABLE_OBJC_ARC = YES;
				CLANG_WARN_BOOL_CONVERSION = YES;
				CLANG_WARN_CONSTANT_CONVERSION = YES;
				CLANG_WARN_DIRECT_OBJC_ISA_USAGE = YES_ERROR;
				CLANG_WARN_EMPTY_BODY = YES;
				CLANG_WARN_ENUM_CONVERSION = YES;
				CLANG_WARN_INT_CONVERSION = YES;
				CLANG_WARN_OBJC_ROOT_CLASS = YES_ERROR;
				CLANG_WARN_UNREACHABLE_CODE = YES;
				CLANG_WARN__DUPLICATE_METHOD_MATCH = YES;
				"CODE_SIGN_IDENTITY[sdk=iphoneos*]" = "iPhone Developer";
				COPY_PHASE_STRIP = NO;
				ENABLE_STRICT_OBJC_MSGSEND = YES;
				GCC_C_LANGUAGE_STANDARD = gnu99;
				GCC_DYNAMIC_NO_PIC = NO;
				GCC_OPTIMIZATION_LEVEL = 0;
				GCC_PREPROCESSOR_DEFINITIONS = (
					"DEBUG=1",
					"$(inherited)",
				);
				GCC_SYMBOLS_PRIVATE_EXTERN = NO;
				GCC_WARN_64_TO_32_BIT_CONVERSION = YES;
				GCC_WARN_ABOUT_RETURN_TYPE = YES_ERROR;
				GCC_WARN_UNDECLARED_SELECTOR = YES;
				GCC_WARN_UNINITIALIZED_AUTOS = YES_AGGRESSIVE;
				GCC_WARN_UNUSED_FUNCTION = YES;
				GCC_WARN_UNUSED_VARIABLE = YES;
				IPHONEOS_DEPLOYMENT_TARGET = 8.1;
				MTL_ENABLE_DEBUG_INFO = YES;
				ONLY_ACTIVE_ARCH = YES;
				SDKROOT = iphoneos;
				SWIFT_OPTIMIZATION_LEVEL = "-Onone";
			};
			name = Debug;
		};
		5549513C1A70808C000C6096 /* Release */ = {
			isa = XCBuildConfiguration;
			buildSettings = {
				ALWAYS_SEARCH_USER_PATHS = NO;
				CLANG_CXX_LANGUAGE_STANDARD = "gnu++0x";
				CLANG_CXX_LIBRARY = "libc++";
				CLANG_ENABLE_MODULES = YES;
				CLANG_ENABLE_OBJC_ARC = YES;
				CLANG_WARN_BOOL_CONVERSION = YES;
				CLANG_WARN_CONSTANT_CONVERSION = YES;
				CLANG_WARN_DIRECT_OBJC_ISA_USAGE = YES_ERROR;
				CLANG_WARN_EMPTY_BODY = YES;
				CLANG_WARN_ENUM_CONVERSION = YES;
				CLANG_WARN_INT_CONVERSION = YES;
				CLANG_WARN_OBJC_ROOT_CLASS = YES_ERROR;
				CLANG_WARN_UNREACHABLE_CODE = YES;
				CLANG_WARN__DUPLICATE_METHOD_MATCH = YES;
				"CODE_SIGN_IDENTITY[sdk=iphoneos*]" = "iPhone Developer";
				COPY_PHASE_STRIP = YES;
				ENABLE_NS_ASSERTIONS = NO;
				ENABLE_STRICT_OBJC_MSGSEND = YES;
				GCC_C_LANGUAGE_STANDARD = gnu99;
				GCC_WARN_64_TO_32_BIT_CONVERSION = YES;
				GCC_WARN_ABOUT_RETURN_TYPE = YES_ERROR;
				GCC_WARN_UNDECLARED_SELECTOR = YES;
				GCC_WARN_UNINITIALIZED_AUTOS = YES_AGGRESSIVE;
				GCC_WARN_UNUSED_FUNCTION = YES;
				GCC_WARN_UNUSED_VARIABLE = YES;
				IPHONEOS_DEPLOYMENT_TARGET = 8.1;
				MTL_ENABLE_DEBUG_INFO = NO;
				SDKROOT = iphoneos;
				VALIDATE_PRODUCT = YES;
			};
			name = Release;
		};
		5549513E1A70808C000C6096 /* Debug */ = {
			isa = XCBuildConfiguration;
			buildSettings = {
				ASSETCATALOG_COMPILER_APPICON_NAME = AppIcon;
				INFOPLIST_FILE = Todo/Info.plist;
				LD_RUNPATH_SEARCH_PATHS = "$(inherited) @executable_path/Frameworks";
				PRODUCT_NAME = "$(TARGET_NAME)";
			};
			name = Debug;
		};
		5549513F1A70808C000C6096 /* Release */ = {
			isa = XCBuildConfiguration;
			buildSettings = {
				ASSETCATALOG_COMPILER_APPICON_NAME = AppIcon;
				INFOPLIST_FILE = Todo/Info.plist;
				LD_RUNPATH_SEARCH_PATHS = "$(inherited) @executable_path/Frameworks";
				PRODUCT_NAME = "$(TARGET_NAME)";
			};
			name = Release;
		};
		554951411A70808C000C6096 /* Debug */ = {
			isa = XCBuildConfiguration;
			buildSettings = {
				BUNDLE_LOADER = "$(TEST_HOST)";
				FRAMEWORK_SEARCH_PATHS = (
					"$(SDKROOT)/Developer/Library/Frameworks",
					"$(inherited)",
				);
				GCC_PREPROCESSOR_DEFINITIONS = (
					"DEBUG=1",
					"$(inherited)",
				);
				INFOPLIST_FILE = TodoTests/Info.plist;
				LD_RUNPATH_SEARCH_PATHS = "$(inherited) @executable_path/Frameworks @loader_path/Frameworks";
				PRODUCT_NAME = "$(TARGET_NAME)";
				TEST_HOST = "$(BUILT_PRODUCTS_DIR)/Todo.app/Todo";
			};
			name = Debug;
		};
		554951421A70808C000C6096 /* Release */ = {
			isa = XCBuildConfiguration;
			buildSettings = {
				BUNDLE_LOADER = "$(TEST_HOST)";
				FRAMEWORK_SEARCH_PATHS = (
					"$(SDKROOT)/Developer/Library/Frameworks",
					"$(inherited)",
				);
				INFOPLIST_FILE = TodoTests/Info.plist;
				LD_RUNPATH_SEARCH_PATHS = "$(inherited) @executable_path/Frameworks @loader_path/Frameworks";
				PRODUCT_NAME = "$(TARGET_NAME)";
				TEST_HOST = "$(BUILT_PRODUCTS_DIR)/Todo.app/Todo";
			};
			name = Release;
		};
/* End XCBuildConfiguration section */

/* Begin XCConfigurationList section */
		554951191A70808C000C6096 /* Build configuration list for PBXProject "Todo" */ = {
			isa = XCConfigurationList;
			buildConfigurations = (
				5549513B1A70808C000C6096 /* Debug */,
				5549513C1A70808C000C6096 /* Release */,
			);
			defaultConfigurationIsVisible = 0;
			defaultConfigurationName = Release;
		};
		5549513D1A70808C000C6096 /* Build configuration list for PBXNativeTarget "Todo" */ = {
			isa = XCConfigurationList;
			buildConfigurations = (
				5549513E1A70808C000C6096 /* Debug */,
				5549513F1A70808C000C6096 /* Release */,
			);
			defaultConfigurationIsVisible = 0;
		};
		554951401A70808C000C6096 /* Build configuration list for PBXNativeTarget "TodoTests" */ = {
			isa = XCConfigurationList;
			buildConfigurations = (
				554951411A70808C000C6096 /* Debug */,
				554951421A70808C000C6096 /* Release */,
			);
			defaultConfigurationIsVisible = 0;
		};
/* End XCConfigurationList section */
	};
	rootObject = 554951161A70808C000C6096 /* Project object */;
}
